
Microsoft Visual Studio Solution File, Format Version 12.00
# Visual Studio 15
VisualStudioVersion = 15.0.27205.0
MinimumVisualStudioVersion = 10.0.40219.1
Project("{FAE04EC0-301F-11D3-BF4B-00C04F79EFBC}") = "Microex.LogServer.Api", "Microex.LogServer.Api\Microex.LogServer.Api.csproj", "{9E7202B0-7FE3-40EF-BAA1-C591F987A847}"
EndProject
Global
	GlobalSection(SolutionConfigurationPlatforms) = preSolution
		Debug|Any CPU = Debug|Any CPU
		Release|Any CPU = Release|Any CPU
	EndGlobalSection
	GlobalSection(ProjectConfigurationPlatforms) = postSolution
		{9E7202B0-7FE3-40EF-BAA1-C591F987A847}.Debug|Any CPU.ActiveCfg = Debug|Any CPU
		{9E7202B0-7FE3-40EF-BAA1-C591F987A847}.Debug|Any CPU.Build.0 = Debug|Any CPU
		{9E7202B0-7FE3-40EF-BAA1-C591F987A847}.Release|Any CPU.ActiveCfg = Release|Any CPU
		{9E7202B0-7FE3-40EF-BAA1-C591F987A847}.Release|Any CPU.Build.0 = Release|Any CPU
	EndGlobalSection
	GlobalSection(SolutionProperties) = preSolution
		HideSolutionNode = FALSE
	EndGlobalSection
	GlobalSection(ExtensibilityGlobals) = postSolution
		SolutionGuid = {C6232F17-F3B4-4E02-87C5-D7A65A35ACA6}
	EndGlobalSection
EndGlobal
